<?xml version="1.0" encoding="utf-8"?>
<Project ToolsVersion="4.0" xmlns="http://schemas.microsoft.com/developer/msbuild/2003">
  <ItemGroup>
    <Filter Include="Resource Files">
      <UniqueIdentifier>{67DA6AB6-F800-4c08-8B7A-83BB121AAD01}</UniqueIdentifier>
      <Extensions>rc;ico;cur;bmp;dlg;rc2;rct;bin;rgs;gif;jpg;jpeg;jpe;resx;tiff;tif;png;wav;mfcribbon-ms</Extensions>
    </Filter>
  </ItemGroup>
  <ItemGroup>
    <ClCompile Include="BuiltInFunctionEmulator.cpp" />
    <ClCompile Include="CodeGen.cpp" />
    <ClCompile Include="Compiler.cpp" />
    <ClCompile Include="debug.cpp" />
    <ClCompile Include="DetectCallDepth.cpp" />
    <ClCompile Include="DetectDiscontinuity.cpp" />
    <ClCompile Include="Diagnostics.cpp" />
    <ClCompile Include="DirectiveHandler.cpp" />
    <ClCompile Include="ForLoopUnroll.cpp" />
    <ClCompile Include="InfoSink.cpp" />
    <ClCompile Include="Initialize.cpp" />
    <ClCompile Include="InitializeDll.cpp" />
    <ClCompile Include="InitializeGLPosition.cpp" />
    <ClCompile Include="InitializeParseContext.cpp" />
    <ClCompile Include="Intermediate.cpp" />
    <ClCompile Include="intermOut.cpp" />
    <ClCompile Include="IntermTraverse.cpp" />
    <ClCompile Include="MapLongVariableNames.cpp" />
    <ClCompile Include="ossource_win.cpp" />
    <ClCompile Include="OutputESSL.cpp" />
    <ClCompile Include="OutputGLSL.cpp" />
    <ClCompile Include="OutputGLSLBase.cpp" />
    <ClCompile Include="OutputHLSL.cpp" />
    <ClCompile Include="parseConst.cpp" />
    <ClCompile Include="ParseHelper.cpp" />
    <ClCompile Include="PoolAlloc.cpp" />
    <ClCompile Include="QualifierAlive.cpp" />
    <ClCompile Include="RemoveTree.cpp" />
    <ClCompile Include="SearchSymbol.cpp" />
    <ClCompile Include="ShaderLang.cpp" />
    <ClCompile Include="SymbolTable.cpp" />
    <ClCompile Include="TranslatorESSL.cpp" />
    <ClCompile Include="TranslatorGLSL.cpp" />
    <ClCompile Include="TranslatorHLSL.cpp" />
    <ClCompile Include="UnfoldShortCircuit.cpp" />
    <ClCompile Include="Uniform.cpp" />
    <ClCompile Include="util.cpp" />
    <ClCompile Include="ValidateLimitations.cpp" />
    <ClCompile Include="VariableInfo.cpp" />
    <ClCompile Include="VariablePacker.cpp" />
    <ClCompile Include="glslang_lex.cpp" />
    <ClCompile Include="glslang_tab.cpp" />
    <ClCompile Include="depgraph\DependencyGraph.cpp" />
    <ClCompile Include="depgraph\DependencyGraphBuilder.cpp" />
    <ClCompile Include="depgraph\DependencyGraphOutput.cpp" />
    <ClCompile Include="depgraph\DependencyGraphTraverse.cpp" />
    <ClCompile Include="timing\RestrictFragmentShaderTiming.cpp" />
    <ClCompile Include="timing\RestrictVertexShaderTiming.cpp" />
    <ClCompile Include="..\third_party\compiler\ArrayBoundsClamper.cpp" />
    <ClCompile Include="VersionGLSL.cpp" />
  </ItemGroup>
  <ItemGroup>
    <ClInclude Include="BaseTypes.h" />
    <ClInclude Include="BuiltInFunctionEmulator.h" />
    <ClInclude Include="Common.h" />
    <ClInclude Include="ConstantUnion.h" />
    <ClInclude Include="debug.h" />
    <ClInclude Include="DetectCallDepth.h" />
    <ClInclude Include="DetectDiscontinuity.h" />
    <ClInclude Include="Diagnostics.h" />
    <ClInclude Include="DirectiveHandler.h" />
    <ClInclude Include="ForLoopUnroll.h" />
    <ClInclude Include="HashNames.h" />
    <ClInclude Include="InfoSink.h" />
    <ClInclude Include="Initialize.h" />
    <ClInclude Include="InitializeDll.h" />
    <ClInclude Include="InitializeGlobals.h" />
    <ClInclude Include="InitializeGLPosition.h" />
    <ClInclude Include="InitializeParseContext.h" />
    <ClInclude Include="intermediate.h" />
    <ClInclude Include="localintermediate.h" />
    <ClInclude Include="MapLongVariableNames.h" />
    <ClInclude Include="MMap.h" />
    <ClInclude Include="osinclude.h" />
    <ClInclude Include="OutputESSL.h" />
    <ClInclude Include="OutputGLSL.h" />
    <ClInclude Include="OutputGLSLBase.h" />
    <ClInclude Include="OutputHLSL.h" />
    <ClInclude Include="ParseHelper.h" />
    <ClInclude Include="PoolAlloc.h" />
    <ClInclude Include="QualifierAlive.h" />
    <ClInclude Include="RemoveTree.h" />
    <ClInclude Include="RenameFunction.h" />
    <ClInclude Include="..\..\include\GLSLANG\ShaderLang.h" />
    <ClInclude Include="SearchSymbol.h" />
    <ClInclude Include="ShHandle.h" />
    <ClInclude Include="SymbolTable.h" />
    <ClInclude Include="TranslatorESSL.h" />
    <ClInclude Include="TranslatorGLSL.h" />
    <ClInclude Include="TranslatorHLSL.h" />
    <ClInclude Include="Types.h" />
    <ClInclude Include="UnfoldShortCircuit.h" />
    <ClInclude Include="Uniform.h" />
    <ClInclude Include="util.h" />
    <ClInclude Include="ValidateLimitations.h" />
    <ClInclude Include="VariableInfo.h" />
    <ClInclude Include="VariablePacker.h" />
    <ClInclude Include="glslang_tab.h" />
    <ClInclude Include="timing\RestrictFragmentShaderTiming.h" />
    <ClInclude Include="timing\RestrictVertexShaderTiming.h" />
    <ClInclude Include="depgraph\DependencyGraph.h" />
    <ClInclude Include="depgraph\DependencyGraphBuilder.h" />
    <ClInclude Include="depgraph\DependencyGraphOutput.h" />
    <ClInclude Include="..\third_party\compiler\ArrayBoundsClamper.h" />
    <ClInclude Include="VersionGLSL.h" />
  </ItemGroup>
  <ItemGroup>
    <CustomBuild Include="glslang.l" />
    <CustomBuild Include="glslang.y" />
  </ItemGroup>
</Project>